
Microsoft Visual Studio Solution File, Format Version 12.00
# Visual Studio 15
VisualStudioVersion = 15.0.28307.757
MinimumVisualStudioVersion = 10.0.40219.1
Project("{FAE04EC0-301F-11D3-BF4B-00C04F79EFBC}") = "ConversionDemo", "ConversionDemo\ConversionDemo.csproj", "{5D518A06-75A2-4CAB-AC34-87F6895339CB}"
EndProject
Global
	GlobalSection(SolutionConfigurationPlatforms) = preSolution
		Debug|Any CPU = Debug|Any CPU
		Release|Any CPU = Release|Any CPU
	EndGlobalSection
	GlobalSection(ProjectConfigurationPlatforms) = postSolution
		{5D518A06-75A2-4CAB-AC34-87F6895339CB}.Debug|Any CPU.ActiveCfg = Debug|Any CPU
		{5D518A06-75A2-4CAB-AC34-87F6895339CB}.Debug|Any CPU.Build.0 = Debug|Any CPU
		{5D518A06-75A2-4CAB-AC34-87F6895339CB}.Release|Any CPU.ActiveCfg = Release|Any CPU
		{5D518A06-75A2-4CAB-AC34-87F6895339CB}.Release|Any CPU.Build.0 = Release|Any CPU
	EndGlobalSection
	GlobalSection(SolutionProperties) = preSolution
		HideSolutionNode = FALSE
	EndGlobalSection
	GlobalSection(ExtensibilityGlobals) = postSolution
		SolutionGuid = {3DEF5D8D-1628-4F49-B172-138579D88C9E}
	EndGlobalSection
EndGlobal
